
Microsoft Visual Studio Solution File, Format Version 12.00
# Visual Studio Version 17
VisualStudioVersion = 17.5.33627.172
MinimumVisualStudioVersion = 10.0.40219.1
Project("{9A19103F-16F7-4668-BE54-9A1E7A4F7556}") = "Luval.MN", "Luval.MN\Luval.MN.csproj", "{D141363D-4F52-423C-834D-0FD7B5C878C3}"
EndProject
Project("{9A19103F-16F7-4668-BE54-9A1E7A4F7556}") = "Luval.MN.Core", "Luval.MN.Core\Luval.MN.Core.csproj", "{B32F510B-ECC8-457C-937B-030D0E2B9E4A}"
EndProject
Project("{9A19103F-16F7-4668-BE54-9A1E7A4F7556}") = "Luval.OpenAI", "..\..\Luval.OpenAI\code\Luval.OpenAI\Luval.OpenAI.csproj", "{FA11298A-B75D-4562-B7AD-20EF721278D5}"
EndProject
Project("{9A19103F-16F7-4668-BE54-9A1E7A4F7556}") = "Luval.Logging", "..\..\luval-logging\code\Luval.Logging\Luval.Logging.csproj", "{0435BEDE-2B9E-4FE8-ACCE-73F3E246913E}"
EndProject
Project("{9A19103F-16F7-4668-BE54-9A1E7A4F7556}") = "Luval.GPT.Agent.Core", "..\..\luval-gpt-agent\code\Luval.GPT.Agent.Core\Luval.GPT.Agent.Core.csproj", "{FB162C93-D4D6-4612-83B4-F6C7CE5EDB23}"
EndProject
Project("{9A19103F-16F7-4668-BE54-9A1E7A4F7556}") = "Luval.GPT.Agent", "..\..\luval-gpt-agent\code\Luval.GPT.Agent\Luval.GPT.Agent.csproj", "{1602487F-8B1F-4D7C-853B-BD323B70D7B5}"
EndProject
Project("{FAE04EC0-301F-11D3-BF4B-00C04F79EFBC}") = "Luval.FinanceResearch", "..\..\luval-gpt-agent\code\Utilities\Luval.FinanceResearch\Luval.FinanceResearch.csproj", "{2A8D2036-11FA-4741-B375-6CC4832072D1}"
EndProject
Global
	GlobalSection(SolutionConfigurationPlatforms) = preSolution
		Debug|Any CPU = Debug|Any CPU
		Release|Any CPU = Release|Any CPU
	EndGlobalSection
	GlobalSection(ProjectConfigurationPlatforms) = postSolution
		{D141363D-4F52-423C-834D-0FD7B5C878C3}.Debug|Any CPU.ActiveCfg = Debug|Any CPU
		{D141363D-4F52-423C-834D-0FD7B5C878C3}.Debug|Any CPU.Build.0 = Debug|Any CPU
		{D141363D-4F52-423C-834D-0FD7B5C878C3}.Release|Any CPU.ActiveCfg = Release|Any CPU
		{D141363D-4F52-423C-834D-0FD7B5C878C3}.Release|Any CPU.Build.0 = Release|Any CPU
		{B32F510B-ECC8-457C-937B-030D0E2B9E4A}.Debug|Any CPU.ActiveCfg = Debug|Any CPU
		{B32F510B-ECC8-457C-937B-030D0E2B9E4A}.Debug|Any CPU.Build.0 = Debug|Any CPU
		{B32F510B-ECC8-457C-937B-030D0E2B9E4A}.Release|Any CPU.ActiveCfg = Release|Any CPU
		{B32F510B-ECC8-457C-937B-030D0E2B9E4A}.Release|Any CPU.Build.0 = Release|Any CPU
		{FA11298A-B75D-4562-B7AD-20EF721278D5}.Debug|Any CPU.ActiveCfg = Debug|Any CPU
		{FA11298A-B75D-4562-B7AD-20EF721278D5}.Debug|Any CPU.Build.0 = Debug|Any CPU
		{FA11298A-B75D-4562-B7AD-20EF721278D5}.Release|Any CPU.ActiveCfg = Release|Any CPU
		{FA11298A-B75D-4562-B7AD-20EF721278D5}.Release|Any CPU.Build.0 = Release|Any CPU
		{0435BEDE-2B9E-4FE8-ACCE-73F3E246913E}.Debug|Any CPU.ActiveCfg = Debug|Any CPU
		{0435BEDE-2B9E-4FE8-ACCE-73F3E246913E}.Debug|Any CPU.Build.0 = Debug|Any CPU
		{0435BEDE-2B9E-4FE8-ACCE-73F3E246913E}.Release|Any CPU.ActiveCfg = Release|Any CPU
		{0435BEDE-2B9E-4FE8-ACCE-73F3E246913E}.Release|Any CPU.Build.0 = Release|Any CPU
		{FB162C93-D4D6-4612-83B4-F6C7CE5EDB23}.Debug|Any CPU.ActiveCfg = Debug|Any CPU
		{FB162C93-D4D6-4612-83B4-F6C7CE5EDB23}.Debug|Any CPU.Build.0 = Debug|Any CPU
		{FB162C93-D4D6-4612-83B4-F6C7CE5EDB23}.Release|Any CPU.ActiveCfg = Release|Any CPU
		{FB162C93-D4D6-4612-83B4-F6C7CE5EDB23}.Release|Any CPU.Build.0 = Release|Any CPU
		{1602487F-8B1F-4D7C-853B-BD323B70D7B5}.Debug|Any CPU.ActiveCfg = Debug|Any CPU
		{1602487F-8B1F-4D7C-853B-BD323B70D7B5}.Debug|Any CPU.Build.0 = Debug|Any CPU
		{1602487F-8B1F-4D7C-853B-BD323B70D7B5}.Release|Any CPU.ActiveCfg = Release|Any CPU
		{1602487F-8B1F-4D7C-853B-BD323B70D7B5}.Release|Any CPU.Build.0 = Release|Any CPU
		{2A8D2036-11FA-4741-B375-6CC4832072D1}.Debug|Any CPU.ActiveCfg = Debug|Any CPU
		{2A8D2036-11FA-4741-B375-6CC4832072D1}.Debug|Any CPU.Build.0 = Debug|Any CPU
		{2A8D2036-11FA-4741-B375-6CC4832072D1}.Release|Any CPU.ActiveCfg = Release|Any CPU
		{2A8D2036-11FA-4741-B375-6CC4832072D1}.Release|Any CPU.Build.0 = Release|Any CPU
	EndGlobalSection
	GlobalSection(SolutionProperties) = preSolution
		HideSolutionNode = FALSE
	EndGlobalSection
	GlobalSection(ExtensibilityGlobals) = postSolution
		SolutionGuid = {2E82CF42-B053-4BB3-8F40-923F211B1B28}
	EndGlobalSection
EndGlobal
